
Microsoft Visual Studio Solution File, Format Version 12.00
# Visual Studio Version 17
VisualStudioVersion = 17.0.31903.59
MinimumVisualStudioVersion = 10.0.40219.1
Project("{FAE04EC0-301F-11D3-BF4B-00C04F79EFBC}") = "Opc2Aml", "Opc2Aml.csproj", "{19700C18-8B1A-4007-97A1-3FB5FB92770E}"
EndProject
Global
	GlobalSection(SolutionConfigurationPlatforms) = preSolution
		Debug|Any CPU = Debug|Any CPU
		Release|Any CPU = Release|Any CPU
	EndGlobalSection
	GlobalSection(ProjectConfigurationPlatforms) = postSolution
		{19700C18-8B1A-4007-97A1-3FB5FB92770E}.Debug|Any CPU.ActiveCfg = Debug|Any CPU
		{19700C18-8B1A-4007-97A1-3FB5FB92770E}.Debug|Any CPU.Build.0 = Debug|Any CPU
		{19700C18-8B1A-4007-97A1-3FB5FB92770E}.Release|Any CPU.ActiveCfg = Release|Any CPU
		{19700C18-8B1A-4007-97A1-3FB5FB92770E}.Release|Any CPU.Build.0 = Release|Any CPU
	EndGlobalSection
	GlobalSection(SolutionProperties) = preSolution
		HideSolutionNode = FALSE
	EndGlobalSection
	GlobalSection(ExtensibilityGlobals) = postSolution
		SolutionGuid = {6F828B5C-2C7C-4C73-94A7-69BB3B3321DF}
	EndGlobalSection
EndGlobal
